# THIS IS AN AUTOGENERATED FILE. DO NOT EDIT THIS FILE DIRECTLY.
# yarn lockfile v1


angular-route@1.5.8:
  version "1.5.8"
  resolved "https://registry.yarnpkg.com/angular-route/-/angular-route-1.5.8.tgz#964093de7ec8dc5799bd56a93a6ce5f60095674b"
  integrity sha1-lkCT3n7I3FeZvVapOmzl9gCVZ0s=

angular@1.6.0:
  version "1.6.0"
  resolved "https://registry.yarnpkg.com/angular/-/angular-1.6.0.tgz#16c5edebd0a342046bd5281cca2decf04c40df76"
  integrity sha1-FsXt69CjQgRr1Sgcyi3s8ExA33Y=

bootstrap@4.4.1:
  version "4.4.1"
  resolved "https://registry.yarnpkg.com/bootstrap/-/bootstrap-4.4.1.tgz#8582960eea0c5cd2bede84d8b0baf3789c3e8b01"
  integrity sha512-tbx5cHubwE6e2ZG7nqM3g/FZ5PQEDMWmMGNrCUBVRPHXTJaH7CBDdsLeu3eCh3B1tzAxTnAbtmrzvWEvT2NNEA==
